{
  "name": "testapp2",
  "version": "1.0.0",
  "lockfileVersion": 3,
  "requires": true,
  "packages": {
    "": {
      "name": "testapp2",
      "version": "1.0.0",
      "license": "ISC",
      "dependencies": {
        "chroma-js": "^3.1.1",
        "leaflet": "^1.9.4",
        "proj4leaflet": "^1.0.2"
      }
    },
    "node_modules/chroma-js": {
      "version": "3.1.1",
      "resolved": "https://registry.npmjs.org/chroma-js/-/chroma-js-3.1.1.tgz",
      "integrity": "sha512-CGr6w73Gi86142RWqZ1RjED/CyduYw2vMTikQZUvr2jGIihnZlMo/Kzm9rYHWDP2pJc6eebwc8CkX0iteBon+A==",
      "license": "(BSD-3-Clause AND Apache-2.0)"
    },
    "node_modules/leaflet": {
      "version": "1.9.4",
      "resolved": "https://registry.npmjs.org/leaflet/-/leaflet-1.9.4.tgz",
      "integrity": "sha512-nxS1ynzJOmOlHp+iL3FyWqK89GtNL8U8rvlMOsQdTTssxZwCXh8N2NB3GDQOL+YR3XnWyZAxwQixURb+FA74PA==",
      "license": "BSD-2-Clause"
    },
    "node_modules/mgrs": {
      "version": "1.0.0",
      "resolved": "https://registry.npmjs.org/mgrs/-/mgrs-1.0.0.tgz",
      "integrity": "sha512-awNbTOqCxK1DBGjalK3xqWIstBZgN6fxsMSiXLs9/spqWkF2pAhb2rrYCFSsr1/tT7PhcDGjZndG8SWYn0byYA==",
      "license": "MIT"
    },
    "node_modules/proj4": {
      "version": "2.12.1",
      "resolved": "https://registry.npmjs.org/proj4/-/proj4-2.12.1.tgz",
      "integrity": "sha512-vmhP3hmstjXjzFwg8QXJwpoj4n7GVrXk3ZW3DzNK/Ur4cuwXq7ZiMXaWYvLYLQbX8n4MXgbwTr4lthOUZltBpA==",
      "license": "MIT",
      "dependencies": {
        "mgrs": "1.0.0",
        "wkt-parser": "^1.3.3"
      }
    },
    "node_modules/proj4leaflet": {
      "version": "1.0.2",
      "resolved": "https://registry.npmjs.org/proj4leaflet/-/proj4leaflet-1.0.2.tgz",
      "integrity": "sha512-6GdDeUlhX/tHUiMEj80xQhlPjwrXcdfD0D5OBymY8WvxfbmZcdhNqQk7n7nFf53ue6QdP9ls9ZPjsAxnbZDTsw==",
      "license": "BSD-2-Clause",
      "dependencies": {
        "proj4": "^2.3.14"
      }
    },
    "node_modules/wkt-parser": {
      "version": "1.3.3",
      "resolved": "https://registry.npmjs.org/wkt-parser/-/wkt-parser-1.3.3.tgz",
      "integrity": "sha512-ZnV3yH8/k58ZPACOXeiHaMuXIiaTk1t0hSUVisbO0t4RjA5wPpUytcxeyiN2h+LZRrmuHIh/1UlrR9e7DHDvTw==",
      "license": "MIT"
    }
  }
}
